
Microsoft Visual Studio Solution File, Format Version 12.00
# Visual Studio Version 16
VisualStudioVersion = 16.0.33801.447
MinimumVisualStudioVersion = 10.0.40219.1
Project("{8BC9CEB8-8B4A-11D0-8D11-00A0C91BC942}") = "ApProject", "ApProject.vcxproj", "{68C9F4A2-235C-3F00-8D7A-6DFC3D2DAF6F}"
EndProject
Global
	GlobalSection(SolutionConfigurationPlatforms) = preSolution
		Debug|x64 = Debug|x64
		Release|x64 = Release|x64
	EndGlobalSection
	GlobalSection(ProjectConfigurationPlatforms) = postSolution
		{68C9F4A2-235C-3F00-8D7A-6DFC3D2DAF6F}.Debug|x64.ActiveCfg = Debug|x64
		{68C9F4A2-235C-3F00-8D7A-6DFC3D2DAF6F}.Debug|x64.Build.0 = Debug|x64
		{68C9F4A2-235C-3F00-8D7A-6DFC3D2DAF6F}.Release|x64.ActiveCfg = Release|x64
		{68C9F4A2-235C-3F00-8D7A-6DFC3D2DAF6F}.Release|x64.Build.0 = Release|x64
	EndGlobalSection
	GlobalSection(SolutionProperties) = preSolution
		HideSolutionNode = FALSE
	EndGlobalSection
	GlobalSection(ExtensibilityGlobals) = postSolution
		SolutionGuid = {4ED1B86A-F1FD-45C0-9570-D7693A38C273}
	EndGlobalSection
EndGlobal
